
Microsoft Visual Studio Solution File, Format Version 12.00
# Visual Studio Version 16
VisualStudioVersion = 16.0.30804.86
MinimumVisualStudioVersion = 15.0.26124.0
Project("{9A19103F-16F7-4668-BE54-9A1E7A4F7556}") = "TestDatabase.Abstractions", "TestDatabase.Abstractions\TestDatabase.Abstractions.csproj", "{1B27E0A7-8B3D-429F-87D4-3534E093A709}"
EndProject
Project("{9A19103F-16F7-4668-BE54-9A1E7A4F7556}") = "TestDatabase.SqlServerDocker", "TestDatabase.SqlServerDocker\TestDatabase.SqlServerDocker.csproj", "{25F6167E-1B1A-45BE-8883-ADD9403B6BD1}"
EndProject
Project("{9A19103F-16F7-4668-BE54-9A1E7A4F7556}") = "TestDatabase.SqlServerDocker.Test", "TestDatabase.SqlServerDocker.Test\TestDatabase.SqlServerDocker.Test.csproj", "{68280836-2C45-4763-B629-97602799BF5A}"
EndProject
Project("{2150E333-8FDC-42A3-9474-1A3956D46DE8}") = "Solution Items", "Solution Items", "{7BE91795-C5D5-49DB-9CF3-5AC80B8BB556}"
	ProjectSection(SolutionItems) = preProject
		.gitignore = .gitignore
		.github\workflows\build-publish-abstractions.yml = .github\workflows\build-publish-abstractions.yml
		.github\workflows\build-publish-sqlserverdocker.yml = .github\workflows\build-publish-sqlserverdocker.yml
		LICENSE = LICENSE
		logo_by_LogoMakr.png = logo_by_LogoMakr.png
		README.md = README.md
	EndProjectSection
EndProject
Project("{9A19103F-16F7-4668-BE54-9A1E7A4F7556}") = "TestDatabase.PostgresDocker", "TestDatabase.PostgresDocker\TestDatabase.PostgresDocker.csproj", "{14E718DB-2C53-4C97-9F2A-9752DB609F5F}"
EndProject
Project("{9A19103F-16F7-4668-BE54-9A1E7A4F7556}") = "TestDatabase.PostgresDocker.Test", "TestDatabase.PostgresDocker.Test\TestDatabase.PostgresDocker.Test.csproj", "{2B823725-74CD-4517-9C92-F090A32F52A0}"
EndProject
Global
	GlobalSection(SolutionConfigurationPlatforms) = preSolution
		Debug|Any CPU = Debug|Any CPU
		Debug|x64 = Debug|x64
		Debug|x86 = Debug|x86
		Release|Any CPU = Release|Any CPU
		Release|x64 = Release|x64
		Release|x86 = Release|x86
	EndGlobalSection
	GlobalSection(ProjectConfigurationPlatforms) = postSolution
		{1B27E0A7-8B3D-429F-87D4-3534E093A709}.Debug|Any CPU.ActiveCfg = Debug|Any CPU
		{1B27E0A7-8B3D-429F-87D4-3534E093A709}.Debug|Any CPU.Build.0 = Debug|Any CPU
		{1B27E0A7-8B3D-429F-87D4-3534E093A709}.Debug|x64.ActiveCfg = Debug|Any CPU
		{1B27E0A7-8B3D-429F-87D4-3534E093A709}.Debug|x64.Build.0 = Debug|Any CPU
		{1B27E0A7-8B3D-429F-87D4-3534E093A709}.Debug|x86.ActiveCfg = Debug|Any CPU
		{1B27E0A7-8B3D-429F-87D4-3534E093A709}.Debug|x86.Build.0 = Debug|Any CPU
		{1B27E0A7-8B3D-429F-87D4-3534E093A709}.Release|Any CPU.ActiveCfg = Release|Any CPU
		{1B27E0A7-8B3D-429F-87D4-3534E093A709}.Release|Any CPU.Build.0 = Release|Any CPU
		{1B27E0A7-8B3D-429F-87D4-3534E093A709}.Release|x64.ActiveCfg = Release|Any CPU
		{1B27E0A7-8B3D-429F-87D4-3534E093A709}.Release|x64.Build.0 = Release|Any CPU
		{1B27E0A7-8B3D-429F-87D4-3534E093A709}.Release|x86.ActiveCfg = Release|Any CPU
		{1B27E0A7-8B3D-429F-87D4-3534E093A709}.Release|x86.Build.0 = Release|Any CPU
		{25F6167E-1B1A-45BE-8883-ADD9403B6BD1}.Debug|Any CPU.ActiveCfg = Debug|Any CPU
		{25F6167E-1B1A-45BE-8883-ADD9403B6BD1}.Debug|Any CPU.Build.0 = Debug|Any CPU
		{25F6167E-1B1A-45BE-8883-ADD9403B6BD1}.Debug|x64.ActiveCfg = Debug|Any CPU
		{25F6167E-1B1A-45BE-8883-ADD9403B6BD1}.Debug|x64.Build.0 = Debug|Any CPU
		{25F6167E-1B1A-45BE-8883-ADD9403B6BD1}.Debug|x86.ActiveCfg = Debug|Any CPU
		{25F6167E-1B1A-45BE-8883-ADD9403B6BD1}.Debug|x86.Build.0 = Debug|Any CPU
		{25F6167E-1B1A-45BE-8883-ADD9403B6BD1}.Release|Any CPU.ActiveCfg = Release|Any CPU
		{25F6167E-1B1A-45BE-8883-ADD9403B6BD1}.Release|Any CPU.Build.0 = Release|Any CPU
		{25F6167E-1B1A-45BE-8883-ADD9403B6BD1}.Release|x64.ActiveCfg = Release|Any CPU
		{25F6167E-1B1A-45BE-8883-ADD9403B6BD1}.Release|x64.Build.0 = Release|Any CPU
		{25F6167E-1B1A-45BE-8883-ADD9403B6BD1}.Release|x86.ActiveCfg = Release|Any CPU
		{25F6167E-1B1A-45BE-8883-ADD9403B6BD1}.Release|x86.Build.0 = Release|Any CPU
		{68280836-2C45-4763-B629-97602799BF5A}.Debug|Any CPU.ActiveCfg = Debug|Any CPU
		{68280836-2C45-4763-B629-97602799BF5A}.Debug|Any CPU.Build.0 = Debug|Any CPU
		{68280836-2C45-4763-B629-97602799BF5A}.Debug|x64.ActiveCfg = Debug|Any CPU
		{68280836-2C45-4763-B629-97602799BF5A}.Debug|x64.Build.0 = Debug|Any CPU
		{68280836-2C45-4763-B629-97602799BF5A}.Debug|x86.ActiveCfg = Debug|Any CPU
		{68280836-2C45-4763-B629-97602799BF5A}.Debug|x86.Build.0 = Debug|Any CPU
		{68280836-2C45-4763-B629-97602799BF5A}.Release|Any CPU.ActiveCfg = Release|Any CPU
		{68280836-2C45-4763-B629-97602799BF5A}.Release|Any CPU.Build.0 = Release|Any CPU
		{68280836-2C45-4763-B629-97602799BF5A}.Release|x64.ActiveCfg = Release|Any CPU
		{68280836-2C45-4763-B629-97602799BF5A}.Release|x64.Build.0 = Release|Any CPU
		{68280836-2C45-4763-B629-97602799BF5A}.Release|x86.ActiveCfg = Release|Any CPU
		{68280836-2C45-4763-B629-97602799BF5A}.Release|x86.Build.0 = Release|Any CPU
		{14E718DB-2C53-4C97-9F2A-9752DB609F5F}.Debug|Any CPU.ActiveCfg = Debug|Any CPU
		{14E718DB-2C53-4C97-9F2A-9752DB609F5F}.Debug|Any CPU.Build.0 = Debug|Any CPU
		{14E718DB-2C53-4C97-9F2A-9752DB609F5F}.Debug|x64.ActiveCfg = Debug|Any CPU
		{14E718DB-2C53-4C97-9F2A-9752DB609F5F}.Debug|x64.Build.0 = Debug|Any CPU
		{14E718DB-2C53-4C97-9F2A-9752DB609F5F}.Debug|x86.ActiveCfg = Debug|Any CPU
		{14E718DB-2C53-4C97-9F2A-9752DB609F5F}.Debug|x86.Build.0 = Debug|Any CPU
		{14E718DB-2C53-4C97-9F2A-9752DB609F5F}.Release|Any CPU.ActiveCfg = Release|Any CPU
		{14E718DB-2C53-4C97-9F2A-9752DB609F5F}.Release|Any CPU.Build.0 = Release|Any CPU
		{14E718DB-2C53-4C97-9F2A-9752DB609F5F}.Release|x64.ActiveCfg = Release|Any CPU
		{14E718DB-2C53-4C97-9F2A-9752DB609F5F}.Release|x64.Build.0 = Release|Any CPU
		{14E718DB-2C53-4C97-9F2A-9752DB609F5F}.Release|x86.ActiveCfg = Release|Any CPU
		{14E718DB-2C53-4C97-9F2A-9752DB609F5F}.Release|x86.Build.0 = Release|Any CPU
		{2B823725-74CD-4517-9C92-F090A32F52A0}.Debug|Any CPU.ActiveCfg = Debug|Any CPU
		{2B823725-74CD-4517-9C92-F090A32F52A0}.Debug|Any CPU.Build.0 = Debug|Any CPU
		{2B823725-74CD-4517-9C92-F090A32F52A0}.Debug|x64.ActiveCfg = Debug|Any CPU
		{2B823725-74CD-4517-9C92-F090A32F52A0}.Debug|x64.Build.0 = Debug|Any CPU
		{2B823725-74CD-4517-9C92-F090A32F52A0}.Debug|x86.ActiveCfg = Debug|Any CPU
		{2B823725-74CD-4517-9C92-F090A32F52A0}.Debug|x86.Build.0 = Debug|Any CPU
		{2B823725-74CD-4517-9C92-F090A32F52A0}.Release|Any CPU.ActiveCfg = Release|Any CPU
		{2B823725-74CD-4517-9C92-F090A32F52A0}.Release|Any CPU.Build.0 = Release|Any CPU
		{2B823725-74CD-4517-9C92-F090A32F52A0}.Release|x64.ActiveCfg = Release|Any CPU
		{2B823725-74CD-4517-9C92-F090A32F52A0}.Release|x64.Build.0 = Release|Any CPU
		{2B823725-74CD-4517-9C92-F090A32F52A0}.Release|x86.ActiveCfg = Release|Any CPU
		{2B823725-74CD-4517-9C92-F090A32F52A0}.Release|x86.Build.0 = Release|Any CPU
	EndGlobalSection
	GlobalSection(SolutionProperties) = preSolution
		HideSolutionNode = FALSE
	EndGlobalSection
	GlobalSection(ExtensibilityGlobals) = postSolution
		SolutionGuid = {64799C9A-2AAA-4780-A11B-38AAEBCDD980}
	EndGlobalSection
EndGlobal
